
Microsoft Visual Studio Solution File, Format Version 11.00
# Visual Studio 2010
Project("{FAE04EC0-301F-11D3-BF4B-00C04F79EFBC}") = "MysqlManager", "MysqlManager.csproj", "{22458272-0D94-468D-BB5C-428CBDAE26CE}"
EndProject
Global
	GlobalSection(SolutionConfigurationPlatforms) = preSolution
		Debug|Any CPU = Debug|Any CPU
		Release|Any CPU = Release|Any CPU
	EndGlobalSection
	GlobalSection(ProjectConfigurationPlatforms) = postSolution
		{22458272-0D94-468D-BB5C-428CBDAE26CE}.Debug|Any CPU.ActiveCfg = Debug|Any CPU
		{22458272-0D94-468D-BB5C-428CBDAE26CE}.Debug|Any CPU.Build.0 = Debug|Any CPU
		{22458272-0D94-468D-BB5C-428CBDAE26CE}.Release|Any CPU.ActiveCfg = Release|Any CPU
		{22458272-0D94-468D-BB5C-428CBDAE26CE}.Release|Any CPU.Build.0 = Release|Any CPU
	EndGlobalSection
	GlobalSection(SolutionProperties) = preSolution
		HideSolutionNode = FALSE
	EndGlobalSection
EndGlobal
